
Microsoft Visual Studio Solution File, Format Version 12.00
# Visual Studio Version 17
VisualStudioVersion = 17.13.35828.75 d17.13
MinimumVisualStudioVersion = 10.0.40219.1
Project("{FAE04EC0-301F-11D3-BF4B-00C04F79EFBC}") = "proba", "proba\proba.csproj", "{57A34605-1DDC-415A-A62A-3EA8DCAFAA44}"
EndProject
Global
	GlobalSection(SolutionConfigurationPlatforms) = preSolution
		Debug|Any CPU = Debug|Any CPU
		Release|Any CPU = Release|Any CPU
	EndGlobalSection
	GlobalSection(ProjectConfigurationPlatforms) = postSolution
		{57A34605-1DDC-415A-A62A-3EA8DCAFAA44}.Debug|Any CPU.ActiveCfg = Debug|Any CPU
		{57A34605-1DDC-415A-A62A-3EA8DCAFAA44}.Debug|Any CPU.Build.0 = Debug|Any CPU
		{57A34605-1DDC-415A-A62A-3EA8DCAFAA44}.Release|Any CPU.ActiveCfg = Release|Any CPU
		{57A34605-1DDC-415A-A62A-3EA8DCAFAA44}.Release|Any CPU.Build.0 = Release|Any CPU
	EndGlobalSection
	GlobalSection(SolutionProperties) = preSolution
		HideSolutionNode = FALSE
	EndGlobalSection
	GlobalSection(ExtensibilityGlobals) = postSolution
		SolutionGuid = {78B35146-7A64-41D7-A4A0-9B16281688EC}
	EndGlobalSection
EndGlobal
